
Microsoft Visual Studio Solution File, Format Version 12.00
# Visual Studio Version 16
VisualStudioVersion = 16.0.28902.138
MinimumVisualStudioVersion = 10.0.40219.1
Project("{FAE04EC0-301F-11D3-BF4B-00C04F79EFBC}") = "TA.NexDome.DeviceInterface", "TA.NexDome.DeviceInterface\TA.NexDome.DeviceInterface.csproj", "{C0E526B9-E19D-42B4-8AEE-08A775D9E0B6}"
EndProject
Project("{FAE04EC0-301F-11D3-BF4B-00C04F79EFBC}") = "TA.NexDome.SharedTypes", "TA.NexDome.SharedTypes\TA.NexDome.SharedTypes.csproj", "{1224A06B-5A84-452F-AF63-CF8EF7D6713E}"
EndProject
Project("{FAE04EC0-301F-11D3-BF4B-00C04F79EFBC}") = "TA.NexDome.Specifications", "TA.NexDome.Specifications\TA.NexDome.Specifications.csproj", "{F1CF8488-83A4-447D-A0A3-EA6A04D4AAE6}"
EndProject
Project("{D954291E-2A0B-460D-934E-DC6B0785DB48}") = "TA.NexDome.SharedCode", "TA.NexDome.SharedCode\TA.NexDome.SharedCode.shproj", "{B52F3362-EBB7-4BAA-9FEA-EBFDB5396BC2}"
EndProject
Project("{2150E333-8FDC-42A3-9474-1A3956D46DE8}") = "Design", "Design", "{CEAB814B-9A3F-41D1-B160-1DD101C9F5FB}"
	ProjectSection(SolutionItems) = preProject
		Markdown\ControllerStateMachine.md = Markdown\ControllerStateMachine.md
		Markdown\ReadMe.md = Markdown\ReadMe.md
		Markdown\RotatorStateMachine.md = Markdown\RotatorStateMachine.md
		Markdown\ShutterStateMachine.md = Markdown\ShutterStateMachine.md
		Markdown\skin.puml = Markdown\skin.puml
		Markdown\StateMachineClasses.md = Markdown\StateMachineClasses.md
	EndProjectSection
EndProject
Project("{2150E333-8FDC-42A3-9474-1A3956D46DE8}") = "Configuration", "Configuration", "{6A882801-923B-4451-89CB-712E20A531AF}"
	ProjectSection(SolutionItems) = preProject
		.editorconfig = .editorconfig
		.gitignore = .gitignore
	EndProjectSection
EndProject
Project("{FAE04EC0-301F-11D3-BF4B-00C04F79EFBC}") = "TA.NexDome.DeviceInterface.TestHarness", "TA.NextDome.DeviceInterface.TestHarness\TA.NexDome.DeviceInterface.TestHarness.csproj", "{B1DDA1DA-FB6D-4F33-8066-6B3EC0315C96}"
EndProject
Global
	GlobalSection(SharedMSBuildProjectFiles) = preSolution
		TA.NexDome.SharedCode\TA.NexDome.SharedCode.projitems*{1224a06b-5a84-452f-af63-cf8ef7d6713e}*SharedItemsImports = 4
		TA.NexDome.SharedCode\TA.NexDome.SharedCode.projitems*{b52f3362-ebb7-4baa-9fea-ebfdb5396bc2}*SharedItemsImports = 13
		TA.NexDome.SharedCode\TA.NexDome.SharedCode.projitems*{c0e526b9-e19d-42b4-8aee-08a775d9e0b6}*SharedItemsImports = 4
		TA.NexDome.SharedCode\TA.NexDome.SharedCode.projitems*{f1cf8488-83a4-447d-a0a3-ea6a04d4aae6}*SharedItemsImports = 4
	EndGlobalSection
	GlobalSection(SolutionConfigurationPlatforms) = preSolution
		Debug|Any CPU = Debug|Any CPU
		Release|Any CPU = Release|Any CPU
	EndGlobalSection
	GlobalSection(ProjectConfigurationPlatforms) = postSolution
		{C0E526B9-E19D-42B4-8AEE-08A775D9E0B6}.Debug|Any CPU.ActiveCfg = Debug|Any CPU
		{C0E526B9-E19D-42B4-8AEE-08A775D9E0B6}.Debug|Any CPU.Build.0 = Debug|Any CPU
		{C0E526B9-E19D-42B4-8AEE-08A775D9E0B6}.Release|Any CPU.ActiveCfg = Release|Any CPU
		{C0E526B9-E19D-42B4-8AEE-08A775D9E0B6}.Release|Any CPU.Build.0 = Release|Any CPU
		{1224A06B-5A84-452F-AF63-CF8EF7D6713E}.Debug|Any CPU.ActiveCfg = Debug|Any CPU
		{1224A06B-5A84-452F-AF63-CF8EF7D6713E}.Debug|Any CPU.Build.0 = Debug|Any CPU
		{1224A06B-5A84-452F-AF63-CF8EF7D6713E}.Release|Any CPU.ActiveCfg = Release|Any CPU
		{1224A06B-5A84-452F-AF63-CF8EF7D6713E}.Release|Any CPU.Build.0 = Release|Any CPU
		{F1CF8488-83A4-447D-A0A3-EA6A04D4AAE6}.Debug|Any CPU.ActiveCfg = Debug|Any CPU
		{F1CF8488-83A4-447D-A0A3-EA6A04D4AAE6}.Debug|Any CPU.Build.0 = Debug|Any CPU
		{F1CF8488-83A4-447D-A0A3-EA6A04D4AAE6}.Release|Any CPU.ActiveCfg = Release|Any CPU
		{F1CF8488-83A4-447D-A0A3-EA6A04D4AAE6}.Release|Any CPU.Build.0 = Release|Any CPU
		{B1DDA1DA-FB6D-4F33-8066-6B3EC0315C96}.Debug|Any CPU.ActiveCfg = Debug|Any CPU
		{B1DDA1DA-FB6D-4F33-8066-6B3EC0315C96}.Debug|Any CPU.Build.0 = Debug|Any CPU
		{B1DDA1DA-FB6D-4F33-8066-6B3EC0315C96}.Release|Any CPU.ActiveCfg = Release|Any CPU
		{B1DDA1DA-FB6D-4F33-8066-6B3EC0315C96}.Release|Any CPU.Build.0 = Release|Any CPU
	EndGlobalSection
	GlobalSection(SolutionProperties) = preSolution
		HideSolutionNode = FALSE
	EndGlobalSection
	GlobalSection(ExtensibilityGlobals) = postSolution
		SolutionGuid = {4EB9B953-193A-4025-93B6-D55D10489806}
	EndGlobalSection
EndGlobal
